<?xml version="1.0" encoding="utf-8"?>
<Project ToolsVersion="4.0" xmlns="http://schemas.microsoft.com/developer/msbuild/2003">
  <ItemGroup>
    <Filter Include="Common">
      <UniqueIdentifier>e5b99049-ab87-4e51-b2ce-e8a7f6c0566e</UniqueIdentifier>
    </Filter>
    <Filter Include="Assets">
      <UniqueIdentifier>65f71597-5088-4664-b9f6-bbccdff6188e</UniqueIdentifier>
      <Extensions>bmp;fbx;gif;jpg;jpeg;tga;tiff;tif;png</Extensions>
    </Filter>
    <Filter Include="Content">
      <UniqueIdentifier>4effa5ad-bedd-4f24-b7db-fc23dc86a0a4</UniqueIdentifier>
    </Filter>
    <ClInclude Include="Common\DirectXHelper.h">
      <Filter>Common</Filter>
    </ClInclude>
    <ClInclude Include="Common\StepTimer.h">
      <Filter>Common</Filter>
    </ClInclude>
    <ClInclude Include="Common\DeviceResources.h">
      <Filter>Common</Filter>
    </ClInclude>
    <ClCompile Include="Common\DeviceResources.cpp">
      <Filter>Common</Filter>
    </ClCompile>
    <ClInclude Include="Content\ShaderStructures.h">
      <Filter>Content</Filter>
    </ClInclude>
    <Image Include="Assets\LockScreenLogo.scale-200.png">
      <Filter>Assets</Filter>
    </Image>
    <Image Include="Assets\SplashScreen.scale-200.png">
      <Filter>Assets</Filter>
    </Image>
    <Image Include="Assets\Square150x150Logo.scale-200.png">
      <Filter>Assets</Filter>
    </Image>
    <Image Include="Assets\Square44x44Logo.scale-200.png">
      <Filter>Assets</Filter>
    </Image>
    <Image Include="Assets\Square44x44Logo.targetsize-24_altform-unplated.png">
      <Filter>Assets</Filter>
    </Image>
    <Image Include="Assets\Wide310x150Logo.scale-200.png">
      <Filter>Assets</Filter>
    </Image>
    <Filter Include="Assets\Textures">
      <UniqueIdentifier>{5a332e77-8dc3-4826-a800-93eb45003aa9}</UniqueIdentifier>
    </Filter>
    <Filter Include="Content\Resources">
      <UniqueIdentifier>{da4292ae-2828-47a8-8028-2c9ef3b3c945}</UniqueIdentifier>
    </Filter>
  </ItemGroup>
  <ItemGroup>
    <ClCompile Include="App.cpp" />
    <ClCompile Include="MetronomeAmplifiedWindowsMain.cpp" />
    <ClCompile Include="pch.cpp" />
    <ClCompile Include="Content\MainSceneRenderer.cpp">
      <Filter>Content</Filter>
    </ClCompile>
    <ClCompile Include="Common\WICTextureLoader.cpp">
      <Filter>Common</Filter>
    </ClCompile>
    <ClCompile Include="Content\ShaderCache.cpp">
      <Filter>Content</Filter>
    </ClCompile>
    <ClCompile Include="Content\Resources\Shaders.cpp">
      <Filter>Content\Resources</Filter>
    </ClCompile>
    <ClCompile Include="Content\Resources\Textures.cpp">
      <Filter>Content\Resources</Filter>
    </ClCompile>
    <ClCompile Include="Content\Resources\VertexBuffers.cpp">
      <Filter>Content\Resources</Filter>
    </ClCompile>
    <ClCompile Include="Content\TextureCache.cpp">
      <Filter>Content</Filter>
    </ClCompile>
    <ClCompile Include="Content\VertexBufferCache.cpp">
      <Filter>Content</Filter>
    </ClCompile>
  </ItemGroup>
  <ItemGroup>
    <ClInclude Include="App.h" />
    <ClInclude Include="MetronomeAmplifiedWindowsMain.h" />
    <ClInclude Include="pch.h" />
    <ClInclude Include="Content\MainSceneRenderer.h">
      <Filter>Content</Filter>
    </ClInclude>
    <ClInclude Include="Common\WICTextureLoader.h">
      <Filter>Common</Filter>
    </ClInclude>
    <ClInclude Include="Content\ShaderCache.h">
      <Filter>Content</Filter>
    </ClInclude>
    <ClInclude Include="Content\Resources\Shaders.h">
      <Filter>Content\Resources</Filter>
    </ClInclude>
    <ClInclude Include="Content\Resources\Textures.h">
      <Filter>Content\Resources</Filter>
    </ClInclude>
    <ClInclude Include="Content\Resources\VertexBuffers.h">
      <Filter>Content\Resources</Filter>
    </ClInclude>
    <ClInclude Include="Content\TextureCache.h">
      <Filter>Content</Filter>
    </ClInclude>
    <ClInclude Include="Content\VertexBufferCache.h">
      <Filter>Content</Filter>
    </ClInclude>
  </ItemGroup>
  <ItemGroup>
    <Image Include="Assets\StoreLogo.png">
      <Filter>Assets</Filter>
    </Image>
    <Image Include="Assets\Textures\wood_bg_texture.jpg">
      <Filter>Assets\Textures</Filter>
    </Image>
  </ItemGroup>
  <ItemGroup>
    <AppxManifest Include="Package.appxmanifest" />
  </ItemGroup>
  <ItemGroup>
    <FxCompile Include="Content\AlphaTexturePixelShader.hlsl">
      <Filter>Content</Filter>
    </FxCompile>
    <FxCompile Include="Content\AlphaTextureVertexShader.hlsl">
      <Filter>Content</Filter>
    </FxCompile>
  </ItemGroup>
</Project>